// !$*UTF8*$!
{
	archiveVersion = 1;
	classes = {
	};
	objectVersion = 51;
	objects = {

/* Begin PBXBuildFile section */
		03E5D59E8402A547D368DB60 /* Pods_hacker_news.framework in Frameworks */ = {isa = PBXBuildFile; fileRef = 5152DA36CA79DC7538C1BABB /* Pods_hacker_news.framework */; };
		D7102E1B247CD3A40041842F /* AppDelegate.swift in Sources */ = {isa = PBXBuildFile; fileRef = D7102E1A247CD3A40041842F /* AppDelegate.swift */; };
		D7102E1D247CD3A40041842F /* SceneDelegate.swift in Sources */ = {isa = PBXBuildFile; fileRef = D7102E1C247CD3A40041842F /* SceneDelegate.swift */; };
		D7102E22247CD3A40041842F /* Main.storyboard in Resources */ = {isa = PBXBuildFile; fileRef = D7102E20247CD3A40041842F /* Main.storyboard */; };
		D7102E24247CD3AB0041842F /* Assets.xcassets in Resources */ = {isa = PBXBuildFile; fileRef = D7102E23247CD3AB0041842F /* Assets.xcassets */; };
		D7102E27247CD3AB0041842F /* LaunchScreen.storyboard in Resources */ = {isa = PBXBuildFile; fileRef = D7102E25247CD3AB0041842F /* LaunchScreen.storyboard */; };
		D7102E2F248079A40041842F /* NewsTableViewController.swift in Sources */ = {isa = PBXBuildFile; fileRef = D7102E2E248079A40041842F /* NewsTableViewController.swift */; };
		D7931ABD248D932C00DFE38E /* marek-lennart-202001.png in Resources */ = {isa = PBXBuildFile; fileRef = D7931ABC248D932B00DFE38E /* marek-lennart-202001.png */; };
/* End PBXBuildFile section */

/* Begin PBXFileReference section */
		01E02C341C4DD4DA4DCED65C /* Pods-hacker-news.release.xcconfig */ = {isa = PBXFileReference; includeInIndex = 1; lastKnownFileType = text.xcconfig; name = "Pods-hacker-news.release.xcconfig"; path = "Target Support Files/Pods-hacker-news/Pods-hacker-news.release.xcconfig"; sourceTree = "<group>"; };
		5152DA36CA79DC7538C1BABB /* Pods_hacker_news.framework */ = {isa = PBXFileReference; explicitFileType = wrapper.framework; includeInIndex = 0; path = Pods_hacker_news.framework; sourceTree = BUILT_PRODUCTS_DIR; };
		73A54D9DFBDB0F077EAD82A7 /* Pods-hacker-news.debug.xcconfig */ = {isa = PBXFileReference; includeInIndex = 1; lastKnownFileType = text.xcconfig; name = "Pods-hacker-news.debug.xcconfig"; path = "Target Support Files/Pods-hacker-news/Pods-hacker-news.debug.xcconfig"; sourceTree = "<group>"; };
		D7102E17247CD3A40041842F /* hacker-news.app */ = {isa = PBXFileReference; explicitFileType = wrapper.application; includeInIndex = 0; path = "hacker-news.app"; sourceTree = BUILT_PRODUCTS_DIR; };
		D7102E1A247CD3A40041842F /* AppDelegate.swift */ = {isa = PBXFileReference; lastKnownFileType = sourcecode.swift; path = AppDelegate.swift; sourceTree = "<group>"; };
		D7102E1C247CD3A40041842F /* SceneDelegate.swift */ = {isa = PBXFileReference; lastKnownFileType = sourcecode.swift; path = SceneDelegate.swift; sourceTree = "<group>"; };
		D7102E21247CD3A40041842F /* Base */ = {isa = PBXFileReference; lastKnownFileType = file.storyboard; name = Base; path = Base.lproj/Main.storyboard; sourceTree = "<group>"; };
		D7102E23247CD3AB0041842F /* Assets.xcassets */ = {isa = PBXFileReference; lastKnownFileType = folder.assetcatalog; path = Assets.xcassets; sourceTree = "<group>"; };
		D7102E26247CD3AB0041842F /* Base */ = {isa = PBXFileReference; lastKnownFileType = file.storyboard; name = Base; path = Base.lproj/LaunchScreen.storyboard; sourceTree = "<group>"; };
		D7102E28247CD3AB0041842F /* Info.plist */ = {isa = PBXFileReference; lastKnownFileType = text.plist.xml; path = Info.plist; sourceTree = "<group>"; };
		D7102E2E248079A40041842F /* NewsTableViewController.swift */ = {isa = PBXFileReference; lastKnownFileType = sourcecode.swift; path = NewsTableViewController.swift; sourceTree = "<group>"; };
		D7931ABC248D932B00DFE38E /* marek-lennart-202001.png */ = {isa = PBXFileReference; lastKnownFileType = image.png; name = "marek-lennart-202001.png"; path = "../../../../../../../../Desktop/marek-lennart-202001.png"; sourceTree = "<group>"; };
/* End PBXFileReference section */

/* Begin PBXFrameworksBuildPhase section */
		D7102E14247CD3A40041842F /* Frameworks */ = {
			isa = PBXFrameworksBuildPhase;
			buildActionMask = 2147483647;
			files = (
				03E5D59E8402A547D368DB60 /* Pods_hacker_news.framework in Frameworks */,
			);
			runOnlyForDeploymentPostprocessing = 0;
		};
/* End PBXFrameworksBuildPhase section */

/* Begin PBXGroup section */
		0C24479969C12B20BF75C773 /* Frameworks */ = {
			isa = PBXGroup;
			children = (
				5152DA36CA79DC7538C1BABB /* Pods_hacker_news.framework */,
			);
			name = Frameworks;
			sourceTree = "<group>";
		};
		8595C4DC8CD1979D1EE26909 /* Pods */ = {
			isa = PBXGroup;
			children = (
				73A54D9DFBDB0F077EAD82A7 /* Pods-hacker-news.debug.xcconfig */,
				01E02C341C4DD4DA4DCED65C /* Pods-hacker-news.release.xcconfig */,
			);
			path = Pods;
			sourceTree = "<group>";
		};
		D7102E0E247CD3A40041842F = {
			isa = PBXGroup;
			children = (
				D7102E19247CD3A40041842F /* hacker-news */,
				D7102E18247CD3A40041842F /* Products */,
				8595C4DC8CD1979D1EE26909 /* Pods */,
				0C24479969C12B20BF75C773 /* Frameworks */,
			);
			sourceTree = "<group>";
		};
		D7102E18247CD3A40041842F /* Products */ = {
			isa = PBXGroup;
			children = (
				D7102E17247CD3A40041842F /* hacker-news.app */,
			);
			name = Products;
			sourceTree = "<group>";
		};
		D7102E19247CD3A40041842F /* hacker-news */ = {
			isa = PBXGroup;
			children = (
				D7102E1A247CD3A40041842F /* AppDelegate.swift */,
				D7102E1C247CD3A40041842F /* SceneDelegate.swift */,
				D7102E20247CD3A40041842F /* Main.storyboard */,
				D7102E2E248079A40041842F /* NewsTableViewController.swift */,
				D7102E23247CD3AB0041842F /* Assets.xcassets */,
				D7102E25247CD3AB0041842F /* LaunchScreen.storyboard */,
				D7931ABC248D932B00DFE38E /* marek-lennart-202001.png */,
				D7102E28247CD3AB0041842F /* Info.plist */,
			);
			path = "hacker-news";
			sourceTree = "<group>";
		};
/* End PBXGroup section */

/* Begin PBXNativeTarget section */
		D7102E16247CD3A40041842F /* hacker-news */ = {
			isa = PBXNativeTarget;
			buildConfigurationList = D7102E2B247CD3AB0041842F /* Build configuration list for PBXNativeTarget "hacker-news" */;
			buildPhases = (
				515031602ED3341FB8397EE0 /* [CP] Check Pods Manifest.lock */,
				D7102E13247CD3A40041842F /* Sources */,
				D7102E14247CD3A40041842F /* Frameworks */,
				D7102E15247CD3A40041842F /* Resources */,
				2E0E58F0187A65443AEB852B /* [CP] Embed Pods Frameworks */,
			);
			buildRules = (
			);
			dependencies = (
			);
			name = "hacker-news";
			productName = "hacker-news";
			productReference = D7102E17247CD3A40041842F /* hacker-news.app */;
			productType = "com.apple.product-type.application";
		};
/* End PBXNativeTarget section */

/* Begin PBXProject section */
		D7102E0F247CD3A40041842F /* Project object */ = {
			isa = PBXProject;
			attributes = {
				LastSwiftUpdateCheck = 1150;
				LastUpgradeCheck = 1150;
				ORGANIZATIONNAME = "Serverless Swift";
				TargetAttributes = {
					D7102E16247CD3A40041842F = {
						CreatedOnToolsVersion = 11.5;
					};
				};
			};
			buildConfigurationList = D7102E12247CD3A40041842F /* Build configuration list for PBXProject "hacker-news" */;
			compatibilityVersion = "Xcode 9.3";
			developmentRegion = en;
			hasScannedForEncodings = 0;
			knownRegions = (
				en,
				Base,
			);
			mainGroup = D7102E0E247CD3A40041842F;
			productRefGroup = D7102E18247CD3A40041842F /* Products */;
			projectDirPath = "";
			projectRoot = "";
			targets = (
				D7102E16247CD3A40041842F /* hacker-news */,
			);
		};
/* End PBXProject section */

/* Begin PBXResourcesBuildPhase section */
		D7102E15247CD3A40041842F /* Resources */ = {
			isa = PBXResourcesBuildPhase;
			buildActionMask = 2147483647;
			files = (
				D7102E27247CD3AB0041842F /* LaunchScreen.storyboard in Resources */,
				D7102E24247CD3AB0041842F /* Assets.xcassets in Resources */,
				D7102E22247CD3A40041842F /* Main.storyboard in Resources */,
				D7931ABD248D932C00DFE38E /* marek-lennart-202001.png in Resources */,
			);
			runOnlyForDeploymentPostprocessing = 0;
		};
/* End PBXResourcesBuildPhase section */

/* Begin PBXShellScriptBuildPhase section */
		2E0E58F0187A65443AEB852B /* [CP] Embed Pods Frameworks */ = {
			isa = PBXShellScriptBuildPhase;
			buildActionMask = 2147483647;
			files = (
			);
			inputFileListPaths = (
				"${PODS_ROOT}/Target Support Files/Pods-hacker-news/Pods-hacker-news-frameworks-${CONFIGURATION}-input-files.xcfilelist",
			);
			name = "[CP] Embed Pods Frameworks";
			outputFileListPaths = (
				"${PODS_ROOT}/Target Support Files/Pods-hacker-news/Pods-hacker-news-frameworks-${CONFIGURATION}-output-files.xcfilelist",
			);
			runOnlyForDeploymentPostprocessing = 0;
			shellPath = /bin/sh;
			shellScript = "\"${PODS_ROOT}/Target Support Files/Pods-hacker-news/Pods-hacker-news-frameworks.sh\"\n";
			showEnvVarsInLog = 0;
		};
		515031602ED3341FB8397EE0 /* [CP] Check Pods Manifest.lock */ = {
			isa = PBXShellScriptBuildPhase;
			buildActionMask = 2147483647;
			files = (
			);
			inputFileListPaths = (
			);
			inputPaths = (
				"${PODS_PODFILE_DIR_PATH}/Podfile.lock",
				"${PODS_ROOT}/Manifest.lock",
			);
			name = "[CP] Check Pods Manifest.lock";
			outputFileListPaths = (
			);
			outputPaths = (
				"$(DERIVED_FILE_DIR)/Pods-hacker-news-checkManifestLockResult.txt",
			);
			runOnlyForDeploymentPostprocessing = 0;
			shellPath = /bin/sh;
			shellScript = "diff \"${PODS_PODFILE_DIR_PATH}/Podfile.lock\" \"${PODS_ROOT}/Manifest.lock\" > /dev/null\nif [ $? != 0 ] ; then\n    # print error to STDERR\n    echo \"error: The sandbox is not in sync with the Podfile.lock. Run 'pod install' or update your CocoaPods installation.\" >&2\n    exit 1\nfi\n# This output is used by Xcode 'outputs' to avoid re-running this script phase.\necho \"SUCCESS\" > \"${SCRIPT_OUTPUT_FILE_0}\"\n";
			showEnvVarsInLog = 0;
		};
/* End PBXShellScriptBuildPhase section */

/* Begin PBXSourcesBuildPhase section */
		D7102E13247CD3A40041842F /* Sources */ = {
			isa = PBXSourcesBuildPhase;
			buildActionMask = 2147483647;
			files = (
				D7102E1B247CD3A40041842F /* AppDelegate.swift in Sources */,
				D7102E1D247CD3A40041842F /* SceneDelegate.swift in Sources */,
				D7102E2F248079A40041842F /* NewsTableViewController.swift in Sources */,
			);
			runOnlyForDeploymentPostprocessing = 0;
		};
/* End PBXSourcesBuildPhase section */

/* Begin PBXVariantGroup section */
		D7102E20247CD3A40041842F /* Main.storyboard */ = {
			isa = PBXVariantGroup;
			children = (
				D7102E21247CD3A40041842F /* Base */,
			);
			name = Main.storyboard;
			sourceTree = "<group>";
		};
		D7102E25247CD3AB0041842F /* LaunchScreen.storyboard */ = {
			isa = PBXVariantGroup;
			children = (
				D7102E26247CD3AB0041842F /* Base */,
			);
			name = LaunchScreen.storyboard;
			sourceTree = "<group>";
		};
/* End PBXVariantGroup section */

/* Begin XCBuildConfiguration section */
		D7102E29247CD3AB0041842F /* Debug */ = {
			isa = XCBuildConfiguration;
			buildSettings = {
				ALWAYS_SEARCH_USER_PATHS = NO;
				CLANG_ANALYZER_NONNULL = YES;
				CLANG_ANALYZER_NUMBER_OBJECT_CONVERSION = YES_AGGRESSIVE;
				CLANG_CXX_LANGUAGE_STANDARD = "gnu++14";
				CLANG_CXX_LIBRARY = "libc++";
				CLANG_ENABLE_MODULES = YES;
				CLANG_ENABLE_OBJC_ARC = YES;
				CLANG_ENABLE_OBJC_WEAK = YES;
				CLANG_WARN_BLOCK_CAPTURE_AUTORELEASING = YES;
				CLANG_WARN_BOOL_CONVERSION = YES;
				CLANG_WARN_COMMA = YES;
				CLANG_WARN_CONSTANT_CONVERSION = YES;
				CLANG_WARN_DEPRECATED_OBJC_IMPLEMENTATIONS = YES;
				CLANG_WARN_DIRECT_OBJC_ISA_USAGE = YES_ERROR;
				CLANG_WARN_DOCUMENTATION_COMMENTS = YES;
				CLANG_WARN_EMPTY_BODY = YES;
				CLANG_WARN_ENUM_CONVERSION = YES;
				CLANG_WARN_INFINITE_RECURSION = YES;
				CLANG_WARN_INT_CONVERSION = YES;
				CLANG_WARN_NON_LITERAL_NULL_CONVERSION = YES;
				CLANG_WARN_OBJC_IMPLICIT_RETAIN_SELF = YES;
				CLANG_WARN_OBJC_LITERAL_CONVERSION = YES;
				CLANG_WARN_OBJC_ROOT_CLASS = YES_ERROR;
				CLANG_WARN_RANGE_LOOP_ANALYSIS = YES;
				CLANG_WARN_STRICT_PROTOTYPES = YES;
				CLANG_WARN_SUSPICIOUS_MOVE = YES;
				CLANG_WARN_UNGUARDED_AVAILABILITY = YES_AGGRESSIVE;
				CLANG_WARN_UNREACHABLE_CODE = YES;
				CLANG_WARN__DUPLICATE_METHOD_MATCH = YES;
				COPY_PHASE_STRIP = NO;
				DEBUG_INFORMATION_FORMAT = dwarf;
				ENABLE_STRICT_OBJC_MSGSEND = YES;
				ENABLE_TESTABILITY = YES;
				GCC_C_LANGUAGE_STANDARD = gnu11;
				GCC_DYNAMIC_NO_PIC = NO;
				GCC_NO_COMMON_BLOCKS = YES;
				GCC_OPTIMIZATION_LEVEL = 0;
				GCC_PREPROCESSOR_DEFINITIONS = (
					"DEBUG=1",
					"$(inherited)",
				);
				GCC_WARN_64_TO_32_BIT_CONVERSION = YES;
				GCC_WARN_ABOUT_RETURN_TYPE = YES_ERROR;
				GCC_WARN_UNDECLARED_SELECTOR = YES;
				GCC_WARN_UNINITIALIZED_AUTOS = YES_AGGRESSIVE;
				GCC_WARN_UNUSED_FUNCTION = YES;
				GCC_WARN_UNUSED_VARIABLE = YES;
				IPHONEOS_DEPLOYMENT_TARGET = 13.5;
				MTL_ENABLE_DEBUG_INFO = INCLUDE_SOURCE;
				MTL_FAST_MATH = YES;
				ONLY_ACTIVE_ARCH = YES;
				SDKROOT = iphoneos;
				SWIFT_ACTIVE_COMPILATION_CONDITIONS = DEBUG;
				SWIFT_OPTIMIZATION_LEVEL = "-Onone";
			};
			name = Debug;
		};
		D7102E2A247CD3AB0041842F /* Release */ = {
			isa = XCBuildConfiguration;
			buildSettings = {
				ALWAYS_SEARCH_USER_PATHS = NO;
				CLANG_ANALYZER_NONNULL = YES;
				CLANG_ANALYZER_NUMBER_OBJECT_CONVERSION = YES_AGGRESSIVE;
				CLANG_CXX_LANGUAGE_STANDARD = "gnu++14";
				CLANG_CXX_LIBRARY = "libc++";
				CLANG_ENABLE_MODULES = YES;
				CLANG_ENABLE_OBJC_ARC = YES;
				CLANG_ENABLE_OBJC_WEAK = YES;
				CLANG_WARN_BLOCK_CAPTURE_AUTORELEASING = YES;
				CLANG_WARN_BOOL_CONVERSION = YES;
				CLANG_WARN_COMMA = YES;
				CLANG_WARN_CONSTANT_CONVERSION = YES;
				CLANG_WARN_DEPRECATED_OBJC_IMPLEMENTATIONS = YES;
				CLANG_WARN_DIRECT_OBJC_ISA_USAGE = YES_ERROR;
				CLANG_WARN_DOCUMENTATION_COMMENTS = YES;
				CLANG_WARN_EMPTY_BODY = YES;
				CLANG_WARN_ENUM_CONVERSION = YES;
				CLANG_WARN_INFINITE_RECURSION = YES;
				CLANG_WARN_INT_CONVERSION = YES;
				CLANG_WARN_NON_LITERAL_NULL_CONVERSION = YES;
				CLANG_WARN_OBJC_IMPLICIT_RETAIN_SELF = YES;
				CLANG_WARN_OBJC_LITERAL_CONVERSION = YES;
				CLANG_WARN_OBJC_ROOT_CLASS = YES_ERROR;
				CLANG_WARN_RANGE_LOOP_ANALYSIS = YES;
				CLANG_WARN_STRICT_PROTOTYPES = YES;
				CLANG_WARN_SUSPICIOUS_MOVE = YES;
				CLANG_WARN_UNGUARDED_AVAILABILITY = YES_AGGRESSIVE;
				CLANG_WARN_UNREACHABLE_CODE = YES;
				CLANG_WARN__DUPLICATE_METHOD_MATCH = YES;
				COPY_PHASE_STRIP = NO;
				DEBUG_INFORMATION_FORMAT = "dwarf-with-dsym";
				ENABLE_NS_ASSERTIONS = NO;
				ENABLE_STRICT_OBJC_MSGSEND = YES;
				GCC_C_LANGUAGE_STANDARD = gnu11;
				GCC_NO_COMMON_BLOCKS = YES;
				GCC_WARN_64_TO_32_BIT_CONVERSION = YES;
				GCC_WARN_ABOUT_RETURN_TYPE = YES_ERROR;
				GCC_WARN_UNDECLARED_SELECTOR = YES;
				GCC_WARN_UNINITIALIZED_AUTOS = YES_AGGRESSIVE;
				GCC_WARN_UNUSED_FUNCTION = YES;
				GCC_WARN_UNUSED_VARIABLE = YES;
				IPHONEOS_DEPLOYMENT_TARGET = 13.5;
				MTL_ENABLE_DEBUG_INFO = NO;
				MTL_FAST_MATH = YES;
				SDKROOT = iphoneos;
				SWIFT_COMPILATION_MODE = wholemodule;
				SWIFT_OPTIMIZATION_LEVEL = "-O";
				VALIDATE_PRODUCT = YES;
			};
			name = Release;
		};
		D7102E2C247CD3AB0041842F /* Debug */ = {
			isa = XCBuildConfiguration;
			baseConfigurationReference = 73A54D9DFBDB0F077EAD82A7 /* Pods-hacker-news.debug.xcconfig */;
			buildSettings = {
				ASSETCATALOG_COMPILER_APPICON_NAME = AppIcon;
				CODE_SIGN_STYLE = Automatic;
				CURRENT_PROJECT_VERSION = 2;
				DEVELOPMENT_TEAM = 2H7LQB994Z;
				INFOPLIST_FILE = "hacker-news/Info.plist";
				LD_RUNPATH_SEARCH_PATHS = (
					"$(inherited)",
					"@executable_path/Frameworks",
				);
				PRODUCT_BUNDLE_IDENTIFIER = "com.roboticsinventions.book.hacker-news";
				PRODUCT_NAME = "$(TARGET_NAME)";
				SWIFT_VERSION = 5.0;
				TARGETED_DEVICE_FAMILY = "1,2";
			};
			name = Debug;
		};
		D7102E2D247CD3AB0041842F /* Release */ = {
			isa = XCBuildConfiguration;
			baseConfigurationReference = 01E02C341C4DD4DA4DCED65C /* Pods-hacker-news.release.xcconfig */;
			buildSettings = {
				ASSETCATALOG_COMPILER_APPICON_NAME = AppIcon;
				CODE_SIGN_STYLE = Automatic;
				CURRENT_PROJECT_VERSION = 2;
				DEVELOPMENT_TEAM = 2H7LQB994Z;
				INFOPLIST_FILE = "hacker-news/Info.plist";
				LD_RUNPATH_SEARCH_PATHS = (
					"$(inherited)",
					"@executable_path/Frameworks",
				);
				PRODUCT_BUNDLE_IDENTIFIER = "com.roboticsinventions.book.hacker-news";
				PRODUCT_NAME = "$(TARGET_NAME)";
				SWIFT_VERSION = 5.0;
				TARGETED_DEVICE_FAMILY = "1,2";
			};
			name = Release;
		};
/* End XCBuildConfiguration section */

/* Begin XCConfigurationList section */
		D7102E12247CD3A40041842F /* Build configuration list for PBXProject "hacker-news" */ = {
			isa = XCConfigurationList;
			buildConfigurations = (
				D7102E29247CD3AB0041842F /* Debug */,
				D7102E2A247CD3AB0041842F /* Release */,
			);
			defaultConfigurationIsVisible = 0;
			defaultConfigurationName = Release;
		};
		D7102E2B247CD3AB0041842F /* Build configuration list for PBXNativeTarget "hacker-news" */ = {
			isa = XCConfigurationList;
			buildConfigurations = (
				D7102E2C247CD3AB0041842F /* Debug */,
				D7102E2D247CD3AB0041842F /* Release */,
			);
			defaultConfigurationIsVisible = 0;
			defaultConfigurationName = Release;
		};
/* End XCConfigurationList section */
	};
	rootObject = D7102E0F247CD3A40041842F /* Project object */;
}
